// !$*UTF8*$!
{
	archiveVersion = 1;
	classes = {
	};
	objectVersion = 50;
	objects = {

/* Begin PBXBuildFile section */
		3EC475C0222BB85B0089EB32 /* AppDelegate.swift in Sources */ = {isa = PBXBuildFile; fileRef = 3EC475BF222BB85B0089EB32 /* AppDelegate.swift */; };
		3EC475C5222BB85B0089EB32 /* Main.storyboard in Resources */ = {isa = PBXBuildFile; fileRef = 3EC475C3222BB85B0089EB32 /* Main.storyboard */; };
		3EC475C7222BB8740089EB32 /* Assets.xcassets in Resources */ = {isa = PBXBuildFile; fileRef = 3EC475C6222BB8740089EB32 /* Assets.xcassets */; };
		3EC475CA222BB8740089EB32 /* LaunchScreen.storyboard in Resources */ = {isa = PBXBuildFile; fileRef = 3EC475C8222BB8740089EB32 /* LaunchScreen.storyboard */; };
		3EC475D3222BBE8A0089EB32 /* Registration.swift in Sources */ = {isa = PBXBuildFile; fileRef = 3EC475D2222BBE8A0089EB32 /* Registration.swift */; };
		3EC475D5222BC0B10089EB32 /* RoomType.swift in Sources */ = {isa = PBXBuildFile; fileRef = 3EC475D4222BC0B10089EB32 /* RoomType.swift */; };
		3EC475D7222BC3D20089EB32 /* RegistrationTableViewController.swift in Sources */ = {isa = PBXBuildFile; fileRef = 3EC475D6222BC3D20089EB32 /* RegistrationTableViewController.swift */; };
/* End PBXBuildFile section */

/* Begin PBXFileReference section */
		3EC475BC222BB85B0089EB32 /* Hotel.app */ = {isa = PBXFileReference; explicitFileType = wrapper.application; includeInIndex = 0; path = Hotel.app; sourceTree = BUILT_PRODUCTS_DIR; };
		3EC475BF222BB85B0089EB32 /* AppDelegate.swift */ = {isa = PBXFileReference; lastKnownFileType = sourcecode.swift; path = AppDelegate.swift; sourceTree = "<group>"; };
		3EC475C4222BB85B0089EB32 /* Base */ = {isa = PBXFileReference; lastKnownFileType = file.storyboard; name = Base; path = Base.lproj/Main.storyboard; sourceTree = "<group>"; };
		3EC475C6222BB8740089EB32 /* Assets.xcassets */ = {isa = PBXFileReference; lastKnownFileType = folder.assetcatalog; path = Assets.xcassets; sourceTree = "<group>"; };
		3EC475C9222BB8740089EB32 /* Base */ = {isa = PBXFileReference; lastKnownFileType = file.storyboard; name = Base; path = Base.lproj/LaunchScreen.storyboard; sourceTree = "<group>"; };
		3EC475CB222BB8740089EB32 /* Info.plist */ = {isa = PBXFileReference; lastKnownFileType = text.plist.xml; path = Info.plist; sourceTree = "<group>"; };
		3EC475D2222BBE8A0089EB32 /* Registration.swift */ = {isa = PBXFileReference; lastKnownFileType = sourcecode.swift; path = Registration.swift; sourceTree = "<group>"; };
		3EC475D4222BC0B10089EB32 /* RoomType.swift */ = {isa = PBXFileReference; lastKnownFileType = sourcecode.swift; path = RoomType.swift; sourceTree = "<group>"; };
		3EC475D6222BC3D20089EB32 /* RegistrationTableViewController.swift */ = {isa = PBXFileReference; lastKnownFileType = sourcecode.swift; path = RegistrationTableViewController.swift; sourceTree = "<group>"; };
/* End PBXFileReference section */

/* Begin PBXFrameworksBuildPhase section */
		3EC475B9222BB85B0089EB32 /* Frameworks */ = {
			isa = PBXFrameworksBuildPhase;
			buildActionMask = 2147483647;
			files = (
			);
			runOnlyForDeploymentPostprocessing = 0;
		};
/* End PBXFrameworksBuildPhase section */

/* Begin PBXGroup section */
		3EC475B3222BB85A0089EB32 = {
			isa = PBXGroup;
			children = (
				3EC475BE222BB85B0089EB32 /* Hotel */,
				3EC475BD222BB85B0089EB32 /* Products */,
			);
			sourceTree = "<group>";
		};
		3EC475BD222BB85B0089EB32 /* Products */ = {
			isa = PBXGroup;
			children = (
				3EC475BC222BB85B0089EB32 /* Hotel.app */,
			);
			name = Products;
			sourceTree = "<group>";
		};
		3EC475BE222BB85B0089EB32 /* Hotel */ = {
			isa = PBXGroup;
			children = (
				3EC475D1222BBE3D0089EB32 /* Models */,
				3EC475D8222BC3DB0089EB32 /* ViewControllers */,
				3EC475BF222BB85B0089EB32 /* AppDelegate.swift */,
				3EC475C3222BB85B0089EB32 /* Main.storyboard */,
				3EC475C6222BB8740089EB32 /* Assets.xcassets */,
				3EC475C8222BB8740089EB32 /* LaunchScreen.storyboard */,
				3EC475CB222BB8740089EB32 /* Info.plist */,
			);
			path = Hotel;
			sourceTree = "<group>";
		};
		3EC475D1222BBE3D0089EB32 /* Models */ = {
			isa = PBXGroup;
			children = (
				3EC475D2222BBE8A0089EB32 /* Registration.swift */,
				3EC475D4222BC0B10089EB32 /* RoomType.swift */,
			);
			path = Models;
			sourceTree = "<group>";
		};
		3EC475D8222BC3DB0089EB32 /* ViewControllers */ = {
			isa = PBXGroup;
			children = (
				3EC475D6222BC3D20089EB32 /* RegistrationTableViewController.swift */,
			);
			path = ViewControllers;
			sourceTree = "<group>";
		};
/* End PBXGroup section */

/* Begin PBXNativeTarget section */
		3EC475BB222BB85B0089EB32 /* Hotel */ = {
			isa = PBXNativeTarget;
			buildConfigurationList = 3EC475CE222BB8740089EB32 /* Build configuration list for PBXNativeTarget "Hotel" */;
			buildPhases = (
				3EC475B8222BB85B0089EB32 /* Sources */,
				3EC475B9222BB85B0089EB32 /* Frameworks */,
				3EC475BA222BB85B0089EB32 /* Resources */,
			);
			buildRules = (
			);
			dependencies = (
			);
			name = Hotel;
			productName = Hotel;
			productReference = 3EC475BC222BB85B0089EB32 /* Hotel.app */;
			productType = "com.apple.product-type.application";
		};
/* End PBXNativeTarget section */

/* Begin PBXProject section */
		3EC475B4222BB85B0089EB32 /* Project object */ = {
			isa = PBXProject;
			attributes = {
				LastSwiftUpdateCheck = 1010;
				LastUpgradeCheck = 1010;
				ORGANIZATIONNAME = topMob;
				TargetAttributes = {
					3EC475BB222BB85B0089EB32 = {
						CreatedOnToolsVersion = 10.1;
					};
				};
			};
			buildConfigurationList = 3EC475B7222BB85B0089EB32 /* Build configuration list for PBXProject "Hotel" */;
			compatibilityVersion = "Xcode 9.3";
			developmentRegion = en;
			hasScannedForEncodings = 0;
			knownRegions = (
				en,
				Base,
			);
			mainGroup = 3EC475B3222BB85A0089EB32;
			productRefGroup = 3EC475BD222BB85B0089EB32 /* Products */;
			projectDirPath = "";
			projectRoot = "";
			targets = (
				3EC475BB222BB85B0089EB32 /* Hotel */,
			);
		};
/* End PBXProject section */

/* Begin PBXResourcesBuildPhase section */
		3EC475BA222BB85B0089EB32 /* Resources */ = {
			isa = PBXResourcesBuildPhase;
			buildActionMask = 2147483647;
			files = (
				3EC475CA222BB8740089EB32 /* LaunchScreen.storyboard in Resources */,
				3EC475C7222BB8740089EB32 /* Assets.xcassets in Resources */,
				3EC475C5222BB85B0089EB32 /* Main.storyboard in Resources */,
			);
			runOnlyForDeploymentPostprocessing = 0;
		};
/* End PBXResourcesBuildPhase section */

/* Begin PBXSourcesBuildPhase section */
		3EC475B8222BB85B0089EB32 /* Sources */ = {
			isa = PBXSourcesBuildPhase;
			buildActionMask = 2147483647;
			files = (
				3EC475D3222BBE8A0089EB32 /* Registration.swift in Sources */,
				3EC475D7222BC3D20089EB32 /* RegistrationTableViewController.swift in Sources */,
				3EC475C0222BB85B0089EB32 /* AppDelegate.swift in Sources */,
				3EC475D5222BC0B10089EB32 /* RoomType.swift in Sources */,
			);
			runOnlyForDeploymentPostprocessing = 0;
		};
/* End PBXSourcesBuildPhase section */

/* Begin PBXVariantGroup section */
		3EC475C3222BB85B0089EB32 /* Main.storyboard */ = {
			isa = PBXVariantGroup;
			children = (
				3EC475C4222BB85B0089EB32 /* Base */,
			);
			name = Main.storyboard;
			sourceTree = "<group>";
		};
		3EC475C8222BB8740089EB32 /* LaunchScreen.storyboard */ = {
			isa = PBXVariantGroup;
			children = (
				3EC475C9222BB8740089EB32 /* Base */,
			);
			name = LaunchScreen.storyboard;
			sourceTree = "<group>";
		};
/* End PBXVariantGroup section */

/* Begin XCBuildConfiguration section */
		3EC475CC222BB8740089EB32 /* Debug */ = {
			isa = XCBuildConfiguration;
			buildSettings = {
				ALWAYS_SEARCH_USER_PATHS = NO;
				CLANG_ANALYZER_NONNULL = YES;
				CLANG_ANALYZER_NUMBER_OBJECT_CONVERSION = YES_AGGRESSIVE;
				CLANG_CXX_LANGUAGE_STANDARD = "gnu++14";
				CLANG_CXX_LIBRARY = "libc++";
				CLANG_ENABLE_MODULES = YES;
				CLANG_ENABLE_OBJC_ARC = YES;
				CLANG_ENABLE_OBJC_WEAK = YES;
				CLANG_WARN_BLOCK_CAPTURE_AUTORELEASING = YES;
				CLANG_WARN_BOOL_CONVERSION = YES;
				CLANG_WARN_COMMA = YES;
				CLANG_WARN_CONSTANT_CONVERSION = YES;
				CLANG_WARN_DEPRECATED_OBJC_IMPLEMENTATIONS = YES;
				CLANG_WARN_DIRECT_OBJC_ISA_USAGE = YES_ERROR;
				CLANG_WARN_DOCUMENTATION_COMMENTS = YES;
				CLANG_WARN_EMPTY_BODY = YES;
				CLANG_WARN_ENUM_CONVERSION = YES;
				CLANG_WARN_INFINITE_RECURSION = YES;
				CLANG_WARN_INT_CONVERSION = YES;
				CLANG_WARN_NON_LITERAL_NULL_CONVERSION = YES;
				CLANG_WARN_OBJC_IMPLICIT_RETAIN_SELF = YES;
				CLANG_WARN_OBJC_LITERAL_CONVERSION = YES;
				CLANG_WARN_OBJC_ROOT_CLASS = YES_ERROR;
				CLANG_WARN_RANGE_LOOP_ANALYSIS = YES;
				CLANG_WARN_STRICT_PROTOTYPES = YES;
				CLANG_WARN_SUSPICIOUS_MOVE = YES;
				CLANG_WARN_UNGUARDED_AVAILABILITY = YES_AGGRESSIVE;
				CLANG_WARN_UNREACHABLE_CODE = YES;
				CLANG_WARN__DUPLICATE_METHOD_MATCH = YES;
				CODE_SIGN_IDENTITY = "iPhone Developer";
				COPY_PHASE_STRIP = NO;
				DEBUG_INFORMATION_FORMAT = dwarf;
				ENABLE_STRICT_OBJC_MSGSEND = YES;
				ENABLE_TESTABILITY = YES;
				GCC_C_LANGUAGE_STANDARD = gnu11;
				GCC_DYNAMIC_NO_PIC = NO;
				GCC_NO_COMMON_BLOCKS = YES;
				GCC_OPTIMIZATION_LEVEL = 0;
				GCC_PREPROCESSOR_DEFINITIONS = (
					"DEBUG=1",
					"$(inherited)",
				);
				GCC_WARN_64_TO_32_BIT_CONVERSION = YES;
				GCC_WARN_ABOUT_RETURN_TYPE = YES_ERROR;
				GCC_WARN_UNDECLARED_SELECTOR = YES;
				GCC_WARN_UNINITIALIZED_AUTOS = YES_AGGRESSIVE;
				GCC_WARN_UNUSED_FUNCTION = YES;
				GCC_WARN_UNUSED_VARIABLE = YES;
				IPHONEOS_DEPLOYMENT_TARGET = 12.1;
				MTL_ENABLE_DEBUG_INFO = INCLUDE_SOURCE;
				MTL_FAST_MATH = YES;
				ONLY_ACTIVE_ARCH = YES;
				SDKROOT = iphoneos;
				SWIFT_ACTIVE_COMPILATION_CONDITIONS = DEBUG;
				SWIFT_OPTIMIZATION_LEVEL = "-Onone";
			};
			name = Debug;
		};
		3EC475CD222BB8740089EB32 /* Release */ = {
			isa = XCBuildConfiguration;
			buildSettings = {
				ALWAYS_SEARCH_USER_PATHS = NO;
				CLANG_ANALYZER_NONNULL = YES;
				CLANG_ANALYZER_NUMBER_OBJECT_CONVERSION = YES_AGGRESSIVE;
				CLANG_CXX_LANGUAGE_STANDARD = "gnu++14";
				CLANG_CXX_LIBRARY = "libc++";
				CLANG_ENABLE_MODULES = YES;
				CLANG_ENABLE_OBJC_ARC = YES;
				CLANG_ENABLE_OBJC_WEAK = YES;
				CLANG_WARN_BLOCK_CAPTURE_AUTORELEASING = YES;
				CLANG_WARN_BOOL_CONVERSION = YES;
				CLANG_WARN_COMMA = YES;
				CLANG_WARN_CONSTANT_CONVERSION = YES;
				CLANG_WARN_DEPRECATED_OBJC_IMPLEMENTATIONS = YES;
				CLANG_WARN_DIRECT_OBJC_ISA_USAGE = YES_ERROR;
				CLANG_WARN_DOCUMENTATION_COMMENTS = YES;
				CLANG_WARN_EMPTY_BODY = YES;
				CLANG_WARN_ENUM_CONVERSION = YES;
				CLANG_WARN_INFINITE_RECURSION = YES;
				CLANG_WARN_INT_CONVERSION = YES;
				CLANG_WARN_NON_LITERAL_NULL_CONVERSION = YES;
				CLANG_WARN_OBJC_IMPLICIT_RETAIN_SELF = YES;
				CLANG_WARN_OBJC_LITERAL_CONVERSION = YES;
				CLANG_WARN_OBJC_ROOT_CLASS = YES_ERROR;
				CLANG_WARN_RANGE_LOOP_ANALYSIS = YES;
				CLANG_WARN_STRICT_PROTOTYPES = YES;
				CLANG_WARN_SUSPICIOUS_MOVE = YES;
				CLANG_WARN_UNGUARDED_AVAILABILITY = YES_AGGRESSIVE;
				CLANG_WARN_UNREACHABLE_CODE = YES;
				CLANG_WARN__DUPLICATE_METHOD_MATCH = YES;
				CODE_SIGN_IDENTITY = "iPhone Developer";
				COPY_PHASE_STRIP = NO;
				DEBUG_INFORMATION_FORMAT = "dwarf-with-dsym";
				ENABLE_NS_ASSERTIONS = NO;
				ENABLE_STRICT_OBJC_MSGSEND = YES;
				GCC_C_LANGUAGE_STANDARD = gnu11;
				GCC_NO_COMMON_BLOCKS = YES;
				GCC_WARN_64_TO_32_BIT_CONVERSION = YES;
				GCC_WARN_ABOUT_RETURN_TYPE = YES_ERROR;
				GCC_WARN_UNDECLARED_SELECTOR = YES;
				GCC_WARN_UNINITIALIZED_AUTOS = YES_AGGRESSIVE;
				GCC_WARN_UNUSED_FUNCTION = YES;
				GCC_WARN_UNUSED_VARIABLE = YES;
				IPHONEOS_DEPLOYMENT_TARGET = 12.1;
				MTL_ENABLE_DEBUG_INFO = NO;
				MTL_FAST_MATH = YES;
				SDKROOT = iphoneos;
				SWIFT_COMPILATION_MODE = wholemodule;
				SWIFT_OPTIMIZATION_LEVEL = "-O";
				VALIDATE_PRODUCT = YES;
			};
			name = Release;
		};
		3EC475CF222BB8740089EB32 /* Debug */ = {
			isa = XCBuildConfiguration;
			buildSettings = {
				ASSETCATALOG_COMPILER_APPICON_NAME = AppIcon;
				CODE_SIGN_STYLE = Automatic;
				DEVELOPMENT_TEAM = 9KUAS6U468;
				INFOPLIST_FILE = Hotel/Info.plist;
				LD_RUNPATH_SEARCH_PATHS = (
					"$(inherited)",
					"@executable_path/Frameworks",
				);
				PRODUCT_BUNDLE_IDENTIFIER = topMob.Hotel;
				PRODUCT_NAME = "$(TARGET_NAME)";
				SWIFT_VERSION = 4.2;
				TARGETED_DEVICE_FAMILY = "1,2";
			};
			name = Debug;
		};
		3EC475D0222BB8740089EB32 /* Release */ = {
			isa = XCBuildConfiguration;
			buildSettings = {
				ASSETCATALOG_COMPILER_APPICON_NAME = AppIcon;
				CODE_SIGN_STYLE = Automatic;
				DEVELOPMENT_TEAM = 9KUAS6U468;
				INFOPLIST_FILE = Hotel/Info.plist;
				LD_RUNPATH_SEARCH_PATHS = (
					"$(inherited)",
					"@executable_path/Frameworks",
				);
				PRODUCT_BUNDLE_IDENTIFIER = topMob.Hotel;
				PRODUCT_NAME = "$(TARGET_NAME)";
				SWIFT_VERSION = 4.2;
				TARGETED_DEVICE_FAMILY = "1,2";
			};
			name = Release;
		};
/* End XCBuildConfiguration section */

/* Begin XCConfigurationList section */
		3EC475B7222BB85B0089EB32 /* Build configuration list for PBXProject "Hotel" */ = {
			isa = XCConfigurationList;
			buildConfigurations = (
				3EC475CC222BB8740089EB32 /* Debug */,
				3EC475CD222BB8740089EB32 /* Release */,
			);
			defaultConfigurationIsVisible = 0;
			defaultConfigurationName = Release;
		};
		3EC475CE222BB8740089EB32 /* Build configuration list for PBXNativeTarget "Hotel" */ = {
			isa = XCConfigurationList;
			buildConfigurations = (
				3EC475CF222BB8740089EB32 /* Debug */,
				3EC475D0222BB8740089EB32 /* Release */,
			);
			defaultConfigurationIsVisible = 0;
			defaultConfigurationName = Release;
		};
/* End XCConfigurationList section */
	};
	rootObject = 3EC475B4222BB85B0089EB32 /* Project object */;
}
